// !$*UTF8*$!
{
	archiveVersion = 1;
	classes = {
	};
	objectVersion = 50;
	objects = {

/* Begin PBXBuildFile section */
		D73413D0240434D400229756 /* AppDelegate.swift in Sources */ = {isa = PBXBuildFile; fileRef = D73413CF240434D400229756 /* AppDelegate.swift */; };
		D73413D2240434D400229756 /* SceneDelegate.swift in Sources */ = {isa = PBXBuildFile; fileRef = D73413D1240434D400229756 /* SceneDelegate.swift */; };
		D73413D4240434D400229756 /* ContentView.swift in Sources */ = {isa = PBXBuildFile; fileRef = D73413D3240434D400229756 /* ContentView.swift */; };
		D73413D6240434DB00229756 /* Assets.xcassets in Resources */ = {isa = PBXBuildFile; fileRef = D73413D5240434DB00229756 /* Assets.xcassets */; };
		D73413D9240434DB00229756 /* Preview Assets.xcassets in Resources */ = {isa = PBXBuildFile; fileRef = D73413D8240434DB00229756 /* Preview Assets.xcassets */; };
		D73413DC240434DB00229756 /* LaunchScreen.storyboard in Resources */ = {isa = PBXBuildFile; fileRef = D73413DA240434DB00229756 /* LaunchScreen.storyboard */; };
		D73413E7240434DC00229756 /* backpack_testTests.swift in Sources */ = {isa = PBXBuildFile; fileRef = D73413E6240434DC00229756 /* backpack_testTests.swift */; };
		D73413F2240434DC00229756 /* backpack_testUITests.swift in Sources */ = {isa = PBXBuildFile; fileRef = D73413F1240434DC00229756 /* backpack_testUITests.swift */; };
/* End PBXBuildFile section */

/* Begin PBXContainerItemProxy section */
		D73413E3240434DC00229756 /* PBXContainerItemProxy */ = {
			isa = PBXContainerItemProxy;
			containerPortal = D73413C4240434D400229756 /* Project object */;
			proxyType = 1;
			remoteGlobalIDString = D73413CB240434D400229756;
			remoteInfo = "backpack-test";
		};
		D73413EE240434DC00229756 /* PBXContainerItemProxy */ = {
			isa = PBXContainerItemProxy;
			containerPortal = D73413C4240434D400229756 /* Project object */;
			proxyType = 1;
			remoteGlobalIDString = D73413CB240434D400229756;
			remoteInfo = "backpack-test";
		};
/* End PBXContainerItemProxy section */

/* Begin PBXFileReference section */
		D73413CC240434D400229756 /* backpack-test.app */ = {isa = PBXFileReference; explicitFileType = wrapper.application; includeInIndex = 0; path = "backpack-test.app"; sourceTree = BUILT_PRODUCTS_DIR; };
		D73413CF240434D400229756 /* AppDelegate.swift */ = {isa = PBXFileReference; lastKnownFileType = sourcecode.swift; path = AppDelegate.swift; sourceTree = "<group>"; };
		D73413D1240434D400229756 /* SceneDelegate.swift */ = {isa = PBXFileReference; lastKnownFileType = sourcecode.swift; path = SceneDelegate.swift; sourceTree = "<group>"; };
		D73413D3240434D400229756 /* ContentView.swift */ = {isa = PBXFileReference; lastKnownFileType = sourcecode.swift; path = ContentView.swift; sourceTree = "<group>"; };
		D73413D5240434DB00229756 /* Assets.xcassets */ = {isa = PBXFileReference; lastKnownFileType = folder.assetcatalog; path = Assets.xcassets; sourceTree = "<group>"; };
		D73413D8240434DB00229756 /* Preview Assets.xcassets */ = {isa = PBXFileReference; lastKnownFileType = folder.assetcatalog; path = "Preview Assets.xcassets"; sourceTree = "<group>"; };
		D73413DB240434DB00229756 /* Base */ = {isa = PBXFileReference; lastKnownFileType = file.storyboard; name = Base; path = Base.lproj/LaunchScreen.storyboard; sourceTree = "<group>"; };
		D73413DD240434DB00229756 /* Info.plist */ = {isa = PBXFileReference; lastKnownFileType = text.plist.xml; path = Info.plist; sourceTree = "<group>"; };
		D73413E2240434DC00229756 /* backpack-testTests.xctest */ = {isa = PBXFileReference; explicitFileType = wrapper.cfbundle; includeInIndex = 0; path = "backpack-testTests.xctest"; sourceTree = BUILT_PRODUCTS_DIR; };
		D73413E6240434DC00229756 /* backpack_testTests.swift */ = {isa = PBXFileReference; lastKnownFileType = sourcecode.swift; path = backpack_testTests.swift; sourceTree = "<group>"; };
		D73413E8240434DC00229756 /* Info.plist */ = {isa = PBXFileReference; lastKnownFileType = text.plist.xml; path = Info.plist; sourceTree = "<group>"; };
		D73413ED240434DC00229756 /* backpack-testUITests.xctest */ = {isa = PBXFileReference; explicitFileType = wrapper.cfbundle; includeInIndex = 0; path = "backpack-testUITests.xctest"; sourceTree = BUILT_PRODUCTS_DIR; };
		D73413F1240434DC00229756 /* backpack_testUITests.swift */ = {isa = PBXFileReference; lastKnownFileType = sourcecode.swift; path = backpack_testUITests.swift; sourceTree = "<group>"; };
		D73413F3240434DD00229756 /* Info.plist */ = {isa = PBXFileReference; lastKnownFileType = text.plist.xml; path = Info.plist; sourceTree = "<group>"; };
/* End PBXFileReference section */

/* Begin PBXFrameworksBuildPhase section */
		D73413C9240434D400229756 /* Frameworks */ = {
			isa = PBXFrameworksBuildPhase;
			buildActionMask = 2147483647;
			files = (
			);
			runOnlyForDeploymentPostprocessing = 0;
		};
		D73413DF240434DC00229756 /* Frameworks */ = {
			isa = PBXFrameworksBuildPhase;
			buildActionMask = 2147483647;
			files = (
			);
			runOnlyForDeploymentPostprocessing = 0;
		};
		D73413EA240434DC00229756 /* Frameworks */ = {
			isa = PBXFrameworksBuildPhase;
			buildActionMask = 2147483647;
			files = (
			);
			runOnlyForDeploymentPostprocessing = 0;
		};
/* End PBXFrameworksBuildPhase section */

/* Begin PBXGroup section */
		D73413C3240434D400229756 = {
			isa = PBXGroup;
			children = (
				D73413CE240434D400229756 /* backpack-test */,
				D73413E5240434DC00229756 /* backpack-testTests */,
				D73413F0240434DC00229756 /* backpack-testUITests */,
				D73413CD240434D400229756 /* Products */,
			);
			sourceTree = "<group>";
		};
		D73413CD240434D400229756 /* Products */ = {
			isa = PBXGroup;
			children = (
				D73413CC240434D400229756 /* backpack-test.app */,
				D73413E2240434DC00229756 /* backpack-testTests.xctest */,
				D73413ED240434DC00229756 /* backpack-testUITests.xctest */,
			);
			name = Products;
			sourceTree = "<group>";
		};
		D73413CE240434D400229756 /* backpack-test */ = {
			isa = PBXGroup;
			children = (
				D73413CF240434D400229756 /* AppDelegate.swift */,
				D73413D1240434D400229756 /* SceneDelegate.swift */,
				D73413D3240434D400229756 /* ContentView.swift */,
				D73413D5240434DB00229756 /* Assets.xcassets */,
				D73413DA240434DB00229756 /* LaunchScreen.storyboard */,
				D73413DD240434DB00229756 /* Info.plist */,
				D73413D7240434DB00229756 /* Preview Content */,
			);
			path = "backpack-test";
			sourceTree = "<group>";
		};
		D73413D7240434DB00229756 /* Preview Content */ = {
			isa = PBXGroup;
			children = (
				D73413D8240434DB00229756 /* Preview Assets.xcassets */,
			);
			path = "Preview Content";
			sourceTree = "<group>";
		};
		D73413E5240434DC00229756 /* backpack-testTests */ = {
			isa = PBXGroup;
			children = (
				D73413E6240434DC00229756 /* backpack_testTests.swift */,
				D73413E8240434DC00229756 /* Info.plist */,
			);
			path = "backpack-testTests";
			sourceTree = "<group>";
		};
		D73413F0240434DC00229756 /* backpack-testUITests */ = {
			isa = PBXGroup;
			children = (
				D73413F1240434DC00229756 /* backpack_testUITests.swift */,
				D73413F3240434DD00229756 /* Info.plist */,
			);
			path = "backpack-testUITests";
			sourceTree = "<group>";
		};
/* End PBXGroup section */

/* Begin PBXNativeTarget section */
		D73413CB240434D400229756 /* backpack-test */ = {
			isa = PBXNativeTarget;
			buildConfigurationList = D73413F6240434DD00229756 /* Build configuration list for PBXNativeTarget "backpack-test" */;
			buildPhases = (
				D73413C8240434D400229756 /* Sources */,
				D73413C9240434D400229756 /* Frameworks */,
				D73413CA240434D400229756 /* Resources */,
			);
			buildRules = (
			);
			dependencies = (
			);
			name = "backpack-test";
			productName = "backpack-test";
			productReference = D73413CC240434D400229756 /* backpack-test.app */;
			productType = "com.apple.product-type.application";
		};
		D73413E1240434DC00229756 /* backpack-testTests */ = {
			isa = PBXNativeTarget;
			buildConfigurationList = D73413F9240434DD00229756 /* Build configuration list for PBXNativeTarget "backpack-testTests" */;
			buildPhases = (
				D73413DE240434DC00229756 /* Sources */,
				D73413DF240434DC00229756 /* Frameworks */,
				D73413E0240434DC00229756 /* Resources */,
			);
			buildRules = (
			);
			dependencies = (
				D73413E4240434DC00229756 /* PBXTargetDependency */,
			);
			name = "backpack-testTests";
			productName = "backpack-testTests";
			productReference = D73413E2240434DC00229756 /* backpack-testTests.xctest */;
			productType = "com.apple.product-type.bundle.unit-test";
		};
		D73413EC240434DC00229756 /* backpack-testUITests */ = {
			isa = PBXNativeTarget;
			buildConfigurationList = D73413FC240434DD00229756 /* Build configuration list for PBXNativeTarget "backpack-testUITests" */;
			buildPhases = (
				D73413E9240434DC00229756 /* Sources */,
				D73413EA240434DC00229756 /* Frameworks */,
				D73413EB240434DC00229756 /* Resources */,
			);
			buildRules = (
			);
			dependencies = (
				D73413EF240434DC00229756 /* PBXTargetDependency */,
			);
			name = "backpack-testUITests";
			productName = "backpack-testUITests";
			productReference = D73413ED240434DC00229756 /* backpack-testUITests.xctest */;
			productType = "com.apple.product-type.bundle.ui-testing";
		};
/* End PBXNativeTarget section */

/* Begin PBXProject section */
		D73413C4240434D400229756 /* Project object */ = {
			isa = PBXProject;
			attributes = {
				LastSwiftUpdateCheck = 1130;
				LastUpgradeCheck = 1130;
				ORGANIZATIONNAME = kennto;
				TargetAttributes = {
					D73413CB240434D400229756 = {
						CreatedOnToolsVersion = 11.3.1;
					};
					D73413E1240434DC00229756 = {
						CreatedOnToolsVersion = 11.3.1;
						TestTargetID = D73413CB240434D400229756;
					};
					D73413EC240434DC00229756 = {
						CreatedOnToolsVersion = 11.3.1;
						TestTargetID = D73413CB240434D400229756;
					};
				};
			};
			buildConfigurationList = D73413C7240434D400229756 /* Build configuration list for PBXProject "backpack-test" */;
			compatibilityVersion = "Xcode 9.3";
			developmentRegion = en;
			hasScannedForEncodings = 0;
			knownRegions = (
				en,
				Base,
			);
			mainGroup = D73413C3240434D400229756;
			productRefGroup = D73413CD240434D400229756 /* Products */;
			projectDirPath = "";
			projectRoot = "";
			targets = (
				D73413CB240434D400229756 /* backpack-test */,
				D73413E1240434DC00229756 /* backpack-testTests */,
				D73413EC240434DC00229756 /* backpack-testUITests */,
			);
		};
/* End PBXProject section */

/* Begin PBXResourcesBuildPhase section */
		D73413CA240434D400229756 /* Resources */ = {
			isa = PBXResourcesBuildPhase;
			buildActionMask = 2147483647;
			files = (
				D73413DC240434DB00229756 /* LaunchScreen.storyboard in Resources */,
				D73413D9240434DB00229756 /* Preview Assets.xcassets in Resources */,
				D73413D6240434DB00229756 /* Assets.xcassets in Resources */,
			);
			runOnlyForDeploymentPostprocessing = 0;
		};
		D73413E0240434DC00229756 /* Resources */ = {
			isa = PBXResourcesBuildPhase;
			buildActionMask = 2147483647;
			files = (
			);
			runOnlyForDeploymentPostprocessing = 0;
		};
		D73413EB240434DC00229756 /* Resources */ = {
			isa = PBXResourcesBuildPhase;
			buildActionMask = 2147483647;
			files = (
			);
			runOnlyForDeploymentPostprocessing = 0;
		};
/* End PBXResourcesBuildPhase section */

/* Begin PBXSourcesBuildPhase section */
		D73413C8240434D400229756 /* Sources */ = {
			isa = PBXSourcesBuildPhase;
			buildActionMask = 2147483647;
			files = (
				D73413D0240434D400229756 /* AppDelegate.swift in Sources */,
				D73413D2240434D400229756 /* SceneDelegate.swift in Sources */,
				D73413D4240434D400229756 /* ContentView.swift in Sources */,
			);
			runOnlyForDeploymentPostprocessing = 0;
		};
		D73413DE240434DC00229756 /* Sources */ = {
			isa = PBXSourcesBuildPhase;
			buildActionMask = 2147483647;
			files = (
				D73413E7240434DC00229756 /* backpack_testTests.swift in Sources */,
			);
			runOnlyForDeploymentPostprocessing = 0;
		};
		D73413E9240434DC00229756 /* Sources */ = {
			isa = PBXSourcesBuildPhase;
			buildActionMask = 2147483647;
			files = (
				D73413F2240434DC00229756 /* backpack_testUITests.swift in Sources */,
			);
			runOnlyForDeploymentPostprocessing = 0;
		};
/* End PBXSourcesBuildPhase section */

/* Begin PBXTargetDependency section */
		D73413E4240434DC00229756 /* PBXTargetDependency */ = {
			isa = PBXTargetDependency;
			target = D73413CB240434D400229756 /* backpack-test */;
			targetProxy = D73413E3240434DC00229756 /* PBXContainerItemProxy */;
		};
		D73413EF240434DC00229756 /* PBXTargetDependency */ = {
			isa = PBXTargetDependency;
			target = D73413CB240434D400229756 /* backpack-test */;
			targetProxy = D73413EE240434DC00229756 /* PBXContainerItemProxy */;
		};
/* End PBXTargetDependency section */

/* Begin PBXVariantGroup section */
		D73413DA240434DB00229756 /* LaunchScreen.storyboard */ = {
			isa = PBXVariantGroup;
			children = (
				D73413DB240434DB00229756 /* Base */,
			);
			name = LaunchScreen.storyboard;
			sourceTree = "<group>";
		};
/* End PBXVariantGroup section */

/* Begin XCBuildConfiguration section */
		D73413F4240434DD00229756 /* Debug */ = {
			isa = XCBuildConfiguration;
			buildSettings = {
				ALWAYS_SEARCH_USER_PATHS = NO;
				CLANG_ANALYZER_NONNULL = YES;
				CLANG_ANALYZER_NUMBER_OBJECT_CONVERSION = YES_AGGRESSIVE;
				CLANG_CXX_LANGUAGE_STANDARD = "gnu++14";
				CLANG_CXX_LIBRARY = "libc++";
				CLANG_ENABLE_MODULES = YES;
				CLANG_ENABLE_OBJC_ARC = YES;
				CLANG_ENABLE_OBJC_WEAK = YES;
				CLANG_WARN_BLOCK_CAPTURE_AUTORELEASING = YES;
				CLANG_WARN_BOOL_CONVERSION = YES;
				CLANG_WARN_COMMA = YES;
				CLANG_WARN_CONSTANT_CONVERSION = YES;
				CLANG_WARN_DEPRECATED_OBJC_IMPLEMENTATIONS = YES;
				CLANG_WARN_DIRECT_OBJC_ISA_USAGE = YES_ERROR;
				CLANG_WARN_DOCUMENTATION_COMMENTS = YES;
				CLANG_WARN_EMPTY_BODY = YES;
				CLANG_WARN_ENUM_CONVERSION = YES;
				CLANG_WARN_INFINITE_RECURSION = YES;
				CLANG_WARN_INT_CONVERSION = YES;
				CLANG_WARN_NON_LITERAL_NULL_CONVERSION = YES;
				CLANG_WARN_OBJC_IMPLICIT_RETAIN_SELF = YES;
				CLANG_WARN_OBJC_LITERAL_CONVERSION = YES;
				CLANG_WARN_OBJC_ROOT_CLASS = YES_ERROR;
				CLANG_WARN_RANGE_LOOP_ANALYSIS = YES;
				CLANG_WARN_STRICT_PROTOTYPES = YES;
				CLANG_WARN_SUSPICIOUS_MOVE = YES;
				CLANG_WARN_UNGUARDED_AVAILABILITY = YES_AGGRESSIVE;
				CLANG_WARN_UNREACHABLE_CODE = YES;
				CLANG_WARN__DUPLICATE_METHOD_MATCH = YES;
				COPY_PHASE_STRIP = NO;
				DEBUG_INFORMATION_FORMAT = dwarf;
				ENABLE_STRICT_OBJC_MSGSEND = YES;
				ENABLE_TESTABILITY = YES;
				GCC_C_LANGUAGE_STANDARD = gnu11;
				GCC_DYNAMIC_NO_PIC = NO;
				GCC_NO_COMMON_BLOCKS = YES;
				GCC_OPTIMIZATION_LEVEL = 0;
				GCC_PREPROCESSOR_DEFINITIONS = (
					"DEBUG=1",
					"$(inherited)",
				);
				GCC_WARN_64_TO_32_BIT_CONVERSION = YES;
				GCC_WARN_ABOUT_RETURN_TYPE = YES_ERROR;
				GCC_WARN_UNDECLARED_SELECTOR = YES;
				GCC_WARN_UNINITIALIZED_AUTOS = YES_AGGRESSIVE;
				GCC_WARN_UNUSED_FUNCTION = YES;
				GCC_WARN_UNUSED_VARIABLE = YES;
				IPHONEOS_DEPLOYMENT_TARGET = 13.2;
				MTL_ENABLE_DEBUG_INFO = INCLUDE_SOURCE;
				MTL_FAST_MATH = YES;
				ONLY_ACTIVE_ARCH = YES;
				SDKROOT = iphoneos;
				SWIFT_ACTIVE_COMPILATION_CONDITIONS = DEBUG;
				SWIFT_OPTIMIZATION_LEVEL = "-Onone";
			};
			name = Debug;
		};
		D73413F5240434DD00229756 /* Release */ = {
			isa = XCBuildConfiguration;
			buildSettings = {
				ALWAYS_SEARCH_USER_PATHS = NO;
				CLANG_ANALYZER_NONNULL = YES;
				CLANG_ANALYZER_NUMBER_OBJECT_CONVERSION = YES_AGGRESSIVE;
				CLANG_CXX_LANGUAGE_STANDARD = "gnu++14";
				CLANG_CXX_LIBRARY = "libc++";
				CLANG_ENABLE_MODULES = YES;
				CLANG_ENABLE_OBJC_ARC = YES;
				CLANG_ENABLE_OBJC_WEAK = YES;
				CLANG_WARN_BLOCK_CAPTURE_AUTORELEASING = YES;
				CLANG_WARN_BOOL_CONVERSION = YES;
				CLANG_WARN_COMMA = YES;
				CLANG_WARN_CONSTANT_CONVERSION = YES;
				CLANG_WARN_DEPRECATED_OBJC_IMPLEMENTATIONS = YES;
				CLANG_WARN_DIRECT_OBJC_ISA_USAGE = YES_ERROR;
				CLANG_WARN_DOCUMENTATION_COMMENTS = YES;
				CLANG_WARN_EMPTY_BODY = YES;
				CLANG_WARN_ENUM_CONVERSION = YES;
				CLANG_WARN_INFINITE_RECURSION = YES;
				CLANG_WARN_INT_CONVERSION = YES;
				CLANG_WARN_NON_LITERAL_NULL_CONVERSION = YES;
				CLANG_WARN_OBJC_IMPLICIT_RETAIN_SELF = YES;
				CLANG_WARN_OBJC_LITERAL_CONVERSION = YES;
				CLANG_WARN_OBJC_ROOT_CLASS = YES_ERROR;
				CLANG_WARN_RANGE_LOOP_ANALYSIS = YES;
				CLANG_WARN_STRICT_PROTOTYPES = YES;
				CLANG_WARN_SUSPICIOUS_MOVE = YES;
				CLANG_WARN_UNGUARDED_AVAILABILITY = YES_AGGRESSIVE;
				CLANG_WARN_UNREACHABLE_CODE = YES;
				CLANG_WARN__DUPLICATE_METHOD_MATCH = YES;
				COPY_PHASE_STRIP = NO;
				DEBUG_INFORMATION_FORMAT = "dwarf-with-dsym";
				ENABLE_NS_ASSERTIONS = NO;
				ENABLE_STRICT_OBJC_MSGSEND = YES;
				GCC_C_LANGUAGE_STANDARD = gnu11;
				GCC_NO_COMMON_BLOCKS = YES;
				GCC_WARN_64_TO_32_BIT_CONVERSION = YES;
				GCC_WARN_ABOUT_RETURN_TYPE = YES_ERROR;
				GCC_WARN_UNDECLARED_SELECTOR = YES;
				GCC_WARN_UNINITIALIZED_AUTOS = YES_AGGRESSIVE;
				GCC_WARN_UNUSED_FUNCTION = YES;
				GCC_WARN_UNUSED_VARIABLE = YES;
				IPHONEOS_DEPLOYMENT_TARGET = 13.2;
				MTL_ENABLE_DEBUG_INFO = NO;
				MTL_FAST_MATH = YES;
				SDKROOT = iphoneos;
				SWIFT_COMPILATION_MODE = wholemodule;
				SWIFT_OPTIMIZATION_LEVEL = "-O";
				VALIDATE_PRODUCT = YES;
			};
			name = Release;
		};
		D73413F7240434DD00229756 /* Debug */ = {
			isa = XCBuildConfiguration;
			buildSettings = {
				ASSETCATALOG_COMPILER_APPICON_NAME = AppIcon;
				CODE_SIGN_STYLE = Automatic;
				DEVELOPMENT_ASSET_PATHS = "\"backpack-test/Preview Content\"";
				ENABLE_PREVIEWS = YES;
				INFOPLIST_FILE = "backpack-test/Info.plist";
				LD_RUNPATH_SEARCH_PATHS = (
					"$(inherited)",
					"@executable_path/Frameworks",
				);
				PRODUCT_BUNDLE_IDENTIFIER = "com.test.backpack-test";
				PRODUCT_NAME = "$(TARGET_NAME)";
				SWIFT_VERSION = 5.0;
				TARGETED_DEVICE_FAMILY = "1,2";
			};
			name = Debug;
		};
		D73413F8240434DD00229756 /* Release */ = {
			isa = XCBuildConfiguration;
			buildSettings = {
				ASSETCATALOG_COMPILER_APPICON_NAME = AppIcon;
				CODE_SIGN_STYLE = Automatic;
				DEVELOPMENT_ASSET_PATHS = "\"backpack-test/Preview Content\"";
				ENABLE_PREVIEWS = YES;
				INFOPLIST_FILE = "backpack-test/Info.plist";
				LD_RUNPATH_SEARCH_PATHS = (
					"$(inherited)",
					"@executable_path/Frameworks",
				);
				PRODUCT_BUNDLE_IDENTIFIER = "com.test.backpack-test";
				PRODUCT_NAME = "$(TARGET_NAME)";
				SWIFT_VERSION = 5.0;
				TARGETED_DEVICE_FAMILY = "1,2";
			};
			name = Release;
		};
		D73413FA240434DD00229756 /* Debug */ = {
			isa = XCBuildConfiguration;
			buildSettings = {
				ALWAYS_EMBED_SWIFT_STANDARD_LIBRARIES = YES;
				BUNDLE_LOADER = "$(TEST_HOST)";
				CODE_SIGN_STYLE = Automatic;
				INFOPLIST_FILE = "backpack-testTests/Info.plist";
				IPHONEOS_DEPLOYMENT_TARGET = 13.2;
				LD_RUNPATH_SEARCH_PATHS = (
					"$(inherited)",
					"@executable_path/Frameworks",
					"@loader_path/Frameworks",
				);
				PRODUCT_BUNDLE_IDENTIFIER = "com.test.backpack-testTests";
				PRODUCT_NAME = "$(TARGET_NAME)";
				SWIFT_VERSION = 5.0;
				TARGETED_DEVICE_FAMILY = "1,2";
				TEST_HOST = "$(BUILT_PRODUCTS_DIR)/backpack-test.app/backpack-test";
			};
			name = Debug;
		};
		D73413FB240434DD00229756 /* Release */ = {
			isa = XCBuildConfiguration;
			buildSettings = {
				ALWAYS_EMBED_SWIFT_STANDARD_LIBRARIES = YES;
				BUNDLE_LOADER = "$(TEST_HOST)";
				CODE_SIGN_STYLE = Automatic;
				INFOPLIST_FILE = "backpack-testTests/Info.plist";
				IPHONEOS_DEPLOYMENT_TARGET = 13.2;
				LD_RUNPATH_SEARCH_PATHS = (
					"$(inherited)",
					"@executable_path/Frameworks",
					"@loader_path/Frameworks",
				);
				PRODUCT_BUNDLE_IDENTIFIER = "com.test.backpack-testTests";
				PRODUCT_NAME = "$(TARGET_NAME)";
				SWIFT_VERSION = 5.0;
				TARGETED_DEVICE_FAMILY = "1,2";
				TEST_HOST = "$(BUILT_PRODUCTS_DIR)/backpack-test.app/backpack-test";
			};
			name = Release;
		};
		D73413FD240434DD00229756 /* Debug */ = {
			isa = XCBuildConfiguration;
			buildSettings = {
				ALWAYS_EMBED_SWIFT_STANDARD_LIBRARIES = YES;
				CODE_SIGN_STYLE = Automatic;
				INFOPLIST_FILE = "backpack-testUITests/Info.plist";
				LD_RUNPATH_SEARCH_PATHS = (
					"$(inherited)",
					"@executable_path/Frameworks",
					"@loader_path/Frameworks",
				);
				PRODUCT_BUNDLE_IDENTIFIER = "com.test.backpack-testUITests";
				PRODUCT_NAME = "$(TARGET_NAME)";
				SWIFT_VERSION = 5.0;
				TARGETED_DEVICE_FAMILY = "1,2";
				TEST_TARGET_NAME = "backpack-test";
			};
			name = Debug;
		};
		D73413FE240434DD00229756 /* Release */ = {
			isa = XCBuildConfiguration;
			buildSettings = {
				ALWAYS_EMBED_SWIFT_STANDARD_LIBRARIES = YES;
				CODE_SIGN_STYLE = Automatic;
				INFOPLIST_FILE = "backpack-testUITests/Info.plist";
				LD_RUNPATH_SEARCH_PATHS = (
					"$(inherited)",
					"@executable_path/Frameworks",
					"@loader_path/Frameworks",
				);
				PRODUCT_BUNDLE_IDENTIFIER = "com.test.backpack-testUITests";
				PRODUCT_NAME = "$(TARGET_NAME)";
				SWIFT_VERSION = 5.0;
				TARGETED_DEVICE_FAMILY = "1,2";
				TEST_TARGET_NAME = "backpack-test";
			};
			name = Release;
		};
/* End XCBuildConfiguration section */

/* Begin XCConfigurationList section */
		D73413C7240434D400229756 /* Build configuration list for PBXProject "backpack-test" */ = {
			isa = XCConfigurationList;
			buildConfigurations = (
				D73413F4240434DD00229756 /* Debug */,
				D73413F5240434DD00229756 /* Release */,
			);
			defaultConfigurationIsVisible = 0;
			defaultConfigurationName = Release;
		};
		D73413F6240434DD00229756 /* Build configuration list for PBXNativeTarget "backpack-test" */ = {
			isa = XCConfigurationList;
			buildConfigurations = (
				D73413F7240434DD00229756 /* Debug */,
				D73413F8240434DD00229756 /* Release */,
			);
			defaultConfigurationIsVisible = 0;
			defaultConfigurationName = Release;
		};
		D73413F9240434DD00229756 /* Build configuration list for PBXNativeTarget "backpack-testTests" */ = {
			isa = XCConfigurationList;
			buildConfigurations = (
				D73413FA240434DD00229756 /* Debug */,
				D73413FB240434DD00229756 /* Release */,
			);
			defaultConfigurationIsVisible = 0;
			defaultConfigurationName = Release;
		};
		D73413FC240434DD00229756 /* Build configuration list for PBXNativeTarget "backpack-testUITests" */ = {
			isa = XCConfigurationList;
			buildConfigurations = (
				D73413FD240434DD00229756 /* Debug */,
				D73413FE240434DD00229756 /* Release */,
			);
			defaultConfigurationIsVisible = 0;
			defaultConfigurationName = Release;
		};
/* End XCConfigurationList section */
	};
	rootObject = D73413C4240434D400229756 /* Project object */;
}
